
Microsoft Visual Studio Solution File, Format Version 12.00
# Visual Studio Version 16
VisualStudioVersion = 16.0.29215.179
MinimumVisualStudioVersion = 10.0.40219.1
Project("{F2A71F9B-5D33-465A-A702-920D77279786}") = "FSharpFirstProgram", "FSharpFirstProgram.fsproj", "{3145CB91-CA96-4B28-B48D-A06C8818FF55}"
EndProject
Global
	GlobalSection(SolutionConfigurationPlatforms) = preSolution
		Debug|Any CPU = Debug|Any CPU
		Release|Any CPU = Release|Any CPU
	EndGlobalSection
	GlobalSection(ProjectConfigurationPlatforms) = postSolution
		{3145CB91-CA96-4B28-B48D-A06C8818FF55}.Debug|Any CPU.ActiveCfg = Debug|Any CPU
		{3145CB91-CA96-4B28-B48D-A06C8818FF55}.Debug|Any CPU.Build.0 = Debug|Any CPU
		{3145CB91-CA96-4B28-B48D-A06C8818FF55}.Release|Any CPU.ActiveCfg = Release|Any CPU
		{3145CB91-CA96-4B28-B48D-A06C8818FF55}.Release|Any CPU.Build.0 = Release|Any CPU
	EndGlobalSection
	GlobalSection(SolutionProperties) = preSolution
		HideSolutionNode = FALSE
	EndGlobalSection
	GlobalSection(ExtensibilityGlobals) = postSolution
		SolutionGuid = {B688FDB5-2419-4992-8576-EA587FF88E57}
	EndGlobalSection
EndGlobal
